
Microsoft Visual Studio Solution File, Format Version 12.00
# Visual Studio Version 16
VisualStudioVersion = 16.0.31702.278
MinimumVisualStudioVersion = 10.0.40219.1
Project("{FAE04EC0-301F-11D3-BF4B-00C04F79EFBC}") = "IMC", "IMC.csproj", "{2D3E6E21-9FA6-4DB2-A8DB-2ACD9FCBBFED}"
EndProject
Global
	GlobalSection(SolutionConfigurationPlatforms) = preSolution
		Debug|Any CPU = Debug|Any CPU
		Release|Any CPU = Release|Any CPU
	EndGlobalSection
	GlobalSection(ProjectConfigurationPlatforms) = postSolution
		{2D3E6E21-9FA6-4DB2-A8DB-2ACD9FCBBFED}.Debug|Any CPU.ActiveCfg = Debug|Any CPU
		{2D3E6E21-9FA6-4DB2-A8DB-2ACD9FCBBFED}.Debug|Any CPU.Build.0 = Debug|Any CPU
		{2D3E6E21-9FA6-4DB2-A8DB-2ACD9FCBBFED}.Release|Any CPU.ActiveCfg = Release|Any CPU
		{2D3E6E21-9FA6-4DB2-A8DB-2ACD9FCBBFED}.Release|Any CPU.Build.0 = Release|Any CPU
	EndGlobalSection
	GlobalSection(SolutionProperties) = preSolution
		HideSolutionNode = FALSE
	EndGlobalSection
	GlobalSection(ExtensibilityGlobals) = postSolution
		SolutionGuid = {2A3B8F6F-6956-4B79-9525-90594DFA2022}
	EndGlobalSection
EndGlobal
