
Microsoft Visual Studio Solution File, Format Version 12.00
# Visual Studio Version 16
VisualStudioVersion = 16.0.31702.278
MinimumVisualStudioVersion = 10.0.40219.1
Project("{FAE04EC0-301F-11D3-BF4B-00C04F79EFBC}") = "Utilidades", "Utilidades.csproj", "{D64197A8-F3B9-4BA3-8E06-6FFD116A79DA}"
EndProject
Global
	GlobalSection(SolutionConfigurationPlatforms) = preSolution
		Debug|Any CPU = Debug|Any CPU
		Release|Any CPU = Release|Any CPU
	EndGlobalSection
	GlobalSection(ProjectConfigurationPlatforms) = postSolution
		{D64197A8-F3B9-4BA3-8E06-6FFD116A79DA}.Debug|Any CPU.ActiveCfg = Debug|Any CPU
		{D64197A8-F3B9-4BA3-8E06-6FFD116A79DA}.Debug|Any CPU.Build.0 = Debug|Any CPU
		{D64197A8-F3B9-4BA3-8E06-6FFD116A79DA}.Release|Any CPU.ActiveCfg = Release|Any CPU
		{D64197A8-F3B9-4BA3-8E06-6FFD116A79DA}.Release|Any CPU.Build.0 = Release|Any CPU
	EndGlobalSection
	GlobalSection(SolutionProperties) = preSolution
		HideSolutionNode = FALSE
	EndGlobalSection
	GlobalSection(ExtensibilityGlobals) = postSolution
		SolutionGuid = {094BCAC7-A6EE-44BB-9058-557E53FB7535}
	EndGlobalSection
EndGlobal
