
Microsoft Visual Studio Solution File, Format Version 12.00
# Visual Studio Version 16
VisualStudioVersion = 16.0.31702.278
MinimumVisualStudioVersion = 10.0.40219.1
Project("{FAE04EC0-301F-11D3-BF4B-00C04F79EFBC}") = "Danyo al jugador", "Danyo al jugador.csproj", "{8B49FDB0-1A28-43D1-810B-56DEE0CC332C}"
EndProject
Global
	GlobalSection(SolutionConfigurationPlatforms) = preSolution
		Debug|Any CPU = Debug|Any CPU
		Release|Any CPU = Release|Any CPU
	EndGlobalSection
	GlobalSection(ProjectConfigurationPlatforms) = postSolution
		{8B49FDB0-1A28-43D1-810B-56DEE0CC332C}.Debug|Any CPU.ActiveCfg = Debug|Any CPU
		{8B49FDB0-1A28-43D1-810B-56DEE0CC332C}.Debug|Any CPU.Build.0 = Debug|Any CPU
		{8B49FDB0-1A28-43D1-810B-56DEE0CC332C}.Release|Any CPU.ActiveCfg = Release|Any CPU
		{8B49FDB0-1A28-43D1-810B-56DEE0CC332C}.Release|Any CPU.Build.0 = Release|Any CPU
	EndGlobalSection
	GlobalSection(SolutionProperties) = preSolution
		HideSolutionNode = FALSE
	EndGlobalSection
	GlobalSection(ExtensibilityGlobals) = postSolution
		SolutionGuid = {2F15994F-525B-4E76-B932-3C71D5788723}
	EndGlobalSection
EndGlobal
