
Microsoft Visual Studio Solution File, Format Version 12.00
# Visual Studio Version 16
VisualStudioVersion = 16.0.31702.278
MinimumVisualStudioVersion = 10.0.40219.1
Project("{FAE04EC0-301F-11D3-BF4B-00C04F79EFBC}") = "DanyoInflingido", "DanyoInflingido.csproj", "{0756E8C1-031F-4EC7-AEC8-D24EF251C866}"
EndProject
Global
	GlobalSection(SolutionConfigurationPlatforms) = preSolution
		Debug|Any CPU = Debug|Any CPU
		Release|Any CPU = Release|Any CPU
	EndGlobalSection
	GlobalSection(ProjectConfigurationPlatforms) = postSolution
		{0756E8C1-031F-4EC7-AEC8-D24EF251C866}.Debug|Any CPU.ActiveCfg = Debug|Any CPU
		{0756E8C1-031F-4EC7-AEC8-D24EF251C866}.Debug|Any CPU.Build.0 = Debug|Any CPU
		{0756E8C1-031F-4EC7-AEC8-D24EF251C866}.Release|Any CPU.ActiveCfg = Release|Any CPU
		{0756E8C1-031F-4EC7-AEC8-D24EF251C866}.Release|Any CPU.Build.0 = Release|Any CPU
	EndGlobalSection
	GlobalSection(SolutionProperties) = preSolution
		HideSolutionNode = FALSE
	EndGlobalSection
	GlobalSection(ExtensibilityGlobals) = postSolution
		SolutionGuid = {C71F303D-2328-4E06-BA08-41BF8ACEA79C}
	EndGlobalSection
EndGlobal
