
Microsoft Visual Studio Solution File, Format Version 12.00
# Visual Studio Version 16
VisualStudioVersion = 16.0.31702.278
MinimumVisualStudioVersion = 10.0.40219.1
Project("{FAE04EC0-301F-11D3-BF4B-00C04F79EFBC}") = "Media", "Media.csproj", "{E1C0FF5A-E985-4D9E-982F-3633F6DED7EB}"
EndProject
Global
	GlobalSection(SolutionConfigurationPlatforms) = preSolution
		Debug|Any CPU = Debug|Any CPU
		Release|Any CPU = Release|Any CPU
	EndGlobalSection
	GlobalSection(ProjectConfigurationPlatforms) = postSolution
		{E1C0FF5A-E985-4D9E-982F-3633F6DED7EB}.Debug|Any CPU.ActiveCfg = Debug|Any CPU
		{E1C0FF5A-E985-4D9E-982F-3633F6DED7EB}.Debug|Any CPU.Build.0 = Debug|Any CPU
		{E1C0FF5A-E985-4D9E-982F-3633F6DED7EB}.Release|Any CPU.ActiveCfg = Release|Any CPU
		{E1C0FF5A-E985-4D9E-982F-3633F6DED7EB}.Release|Any CPU.Build.0 = Release|Any CPU
	EndGlobalSection
	GlobalSection(SolutionProperties) = preSolution
		HideSolutionNode = FALSE
	EndGlobalSection
	GlobalSection(ExtensibilityGlobals) = postSolution
		SolutionGuid = {8CDB5E97-9946-4CCB-9DED-7A4607B12B55}
	EndGlobalSection
EndGlobal
