
Microsoft Visual Studio Solution File, Format Version 12.00
# Visual Studio Version 16
VisualStudioVersion = 16.0.31702.278
MinimumVisualStudioVersion = 10.0.40219.1
Project("{FAE04EC0-301F-11D3-BF4B-00C04F79EFBC}") = "Secuencias y num", "Secuencias y num.csproj", "{02C875B8-031E-46A0-8A15-E47A89BDCEE8}"
EndProject
Global
	GlobalSection(SolutionConfigurationPlatforms) = preSolution
		Debug|Any CPU = Debug|Any CPU
		Release|Any CPU = Release|Any CPU
	EndGlobalSection
	GlobalSection(ProjectConfigurationPlatforms) = postSolution
		{02C875B8-031E-46A0-8A15-E47A89BDCEE8}.Debug|Any CPU.ActiveCfg = Debug|Any CPU
		{02C875B8-031E-46A0-8A15-E47A89BDCEE8}.Debug|Any CPU.Build.0 = Debug|Any CPU
		{02C875B8-031E-46A0-8A15-E47A89BDCEE8}.Release|Any CPU.ActiveCfg = Release|Any CPU
		{02C875B8-031E-46A0-8A15-E47A89BDCEE8}.Release|Any CPU.Build.0 = Release|Any CPU
	EndGlobalSection
	GlobalSection(SolutionProperties) = preSolution
		HideSolutionNode = FALSE
	EndGlobalSection
	GlobalSection(ExtensibilityGlobals) = postSolution
		SolutionGuid = {68485112-6525-4B4F-856F-79FEF8096A82}
	EndGlobalSection
EndGlobal
