
Microsoft Visual Studio Solution File, Format Version 12.00
# Visual Studio Version 16
VisualStudioVersion = 16.0.31702.278
MinimumVisualStudioVersion = 10.0.40219.1
Project("{FAE04EC0-301F-11D3-BF4B-00C04F79EFBC}") = "TerceraLetra", "TerceraLetra.csproj", "{B81A240A-4871-4A98-B60C-A895C31A3214}"
EndProject
Global
	GlobalSection(SolutionConfigurationPlatforms) = preSolution
		Debug|Any CPU = Debug|Any CPU
		Release|Any CPU = Release|Any CPU
	EndGlobalSection
	GlobalSection(ProjectConfigurationPlatforms) = postSolution
		{B81A240A-4871-4A98-B60C-A895C31A3214}.Debug|Any CPU.ActiveCfg = Debug|Any CPU
		{B81A240A-4871-4A98-B60C-A895C31A3214}.Debug|Any CPU.Build.0 = Debug|Any CPU
		{B81A240A-4871-4A98-B60C-A895C31A3214}.Release|Any CPU.ActiveCfg = Release|Any CPU
		{B81A240A-4871-4A98-B60C-A895C31A3214}.Release|Any CPU.Build.0 = Release|Any CPU
	EndGlobalSection
	GlobalSection(SolutionProperties) = preSolution
		HideSolutionNode = FALSE
	EndGlobalSection
	GlobalSection(ExtensibilityGlobals) = postSolution
		SolutionGuid = {A11E80B2-6678-41B9-8FBB-245963F79AC0}
	EndGlobalSection
EndGlobal
