
Microsoft Visual Studio Solution File, Format Version 12.00
# Visual Studio Version 16
VisualStudioVersion = 16.0.31702.278
MinimumVisualStudioVersion = 10.0.40219.1
Project("{FAE04EC0-301F-11D3-BF4B-00C04F79EFBC}") = "Funciones simples", "Funciones simples.csproj", "{48894D38-8966-49A7-A36E-589333AE96E4}"
EndProject
Global
	GlobalSection(SolutionConfigurationPlatforms) = preSolution
		Debug|Any CPU = Debug|Any CPU
		Release|Any CPU = Release|Any CPU
	EndGlobalSection
	GlobalSection(ProjectConfigurationPlatforms) = postSolution
		{48894D38-8966-49A7-A36E-589333AE96E4}.Debug|Any CPU.ActiveCfg = Debug|Any CPU
		{48894D38-8966-49A7-A36E-589333AE96E4}.Debug|Any CPU.Build.0 = Debug|Any CPU
		{48894D38-8966-49A7-A36E-589333AE96E4}.Release|Any CPU.ActiveCfg = Release|Any CPU
		{48894D38-8966-49A7-A36E-589333AE96E4}.Release|Any CPU.Build.0 = Release|Any CPU
	EndGlobalSection
	GlobalSection(SolutionProperties) = preSolution
		HideSolutionNode = FALSE
	EndGlobalSection
	GlobalSection(ExtensibilityGlobals) = postSolution
		SolutionGuid = {5B1E4969-C8F3-49AC-A7D6-D2900ED6B600}
	EndGlobalSection
EndGlobal
