
Microsoft Visual Studio Solution File, Format Version 12.00
# Visual Studio Version 16
VisualStudioVersion = 16.0.31702.278
MinimumVisualStudioVersion = 10.0.40219.1
Project("{FAE04EC0-301F-11D3-BF4B-00C04F79EFBC}") = "Structs", "Structs.csproj", "{104987A1-211F-4BAB-9EB6-C7E9790DFD57}"
EndProject
Global
	GlobalSection(SolutionConfigurationPlatforms) = preSolution
		Debug|Any CPU = Debug|Any CPU
		Release|Any CPU = Release|Any CPU
	EndGlobalSection
	GlobalSection(ProjectConfigurationPlatforms) = postSolution
		{104987A1-211F-4BAB-9EB6-C7E9790DFD57}.Debug|Any CPU.ActiveCfg = Debug|Any CPU
		{104987A1-211F-4BAB-9EB6-C7E9790DFD57}.Debug|Any CPU.Build.0 = Debug|Any CPU
		{104987A1-211F-4BAB-9EB6-C7E9790DFD57}.Release|Any CPU.ActiveCfg = Release|Any CPU
		{104987A1-211F-4BAB-9EB6-C7E9790DFD57}.Release|Any CPU.Build.0 = Release|Any CPU
	EndGlobalSection
	GlobalSection(SolutionProperties) = preSolution
		HideSolutionNode = FALSE
	EndGlobalSection
	GlobalSection(ExtensibilityGlobals) = postSolution
		SolutionGuid = {482C5D51-9C5A-443B-A481-96A19EB6392C}
	EndGlobalSection
EndGlobal
